// !$*UTF8*$!
{
	archiveVersion = 1;
	classes = {
	};
	objectVersion = 55;
	objects = {

/* Begin PBXBuildFile section */
		72376FD22787814F00E1866F /* AppDelegate.swift in Sources */ = {isa = PBXBuildFile; fileRef = 72376FD12787814F00E1866F /* AppDelegate.swift */; };
		72376FD42787814F00E1866F /* SceneDelegate.swift in Sources */ = {isa = PBXBuildFile; fileRef = 72376FD32787814F00E1866F /* SceneDelegate.swift */; };
		72376FDB2787815000E1866F /* Assets.xcassets in Resources */ = {isa = PBXBuildFile; fileRef = 72376FDA2787815000E1866F /* Assets.xcassets */; };
		72376FDE2787815000E1866F /* LaunchScreen.storyboard in Resources */ = {isa = PBXBuildFile; fileRef = 72376FDC2787815000E1866F /* LaunchScreen.storyboard */; };
		72376FE9278781D100E1866F /* ListUserViewController.swift in Sources */ = {isa = PBXBuildFile; fileRef = 72376FE7278781D100E1866F /* ListUserViewController.swift */; };
		72376FEA278781D100E1866F /* ListUserViewController.xib in Resources */ = {isa = PBXBuildFile; fileRef = 72376FE8278781D100E1866F /* ListUserViewController.xib */; };
		72376FEE2787831000E1866F /* RegisterViewController.swift in Sources */ = {isa = PBXBuildFile; fileRef = 72376FEC2787831000E1866F /* RegisterViewController.swift */; };
		72376FEF2787831000E1866F /* RegisterViewController.xib in Resources */ = {isa = PBXBuildFile; fileRef = 72376FED2787831000E1866F /* RegisterViewController.xib */; };
		725ACB03278806AF0068BDCF /* Realm in Frameworks */ = {isa = PBXBuildFile; productRef = 725ACB02278806AF0068BDCF /* Realm */; };
		725ACB05278806AF0068BDCF /* RealmSwift in Frameworks */ = {isa = PBXBuildFile; productRef = 725ACB04278806AF0068BDCF /* RealmSwift */; };
		725ACB08278807220068BDCF /* RegisterRealm.swift in Sources */ = {isa = PBXBuildFile; fileRef = 725ACB07278807220068BDCF /* RegisterRealm.swift */; };
		725ACB0C2788089D0068BDCF /* RegisterPresenter.swift in Sources */ = {isa = PBXBuildFile; fileRef = 725ACB0B2788089D0068BDCF /* RegisterPresenter.swift */; };
		725E6BF1278906E900B25957 /* UserListPresenter.swift in Sources */ = {isa = PBXBuildFile; fileRef = 725E6BF0278906E900B25957 /* UserListPresenter.swift */; };
		725E6BF52789087200B25957 /* DataUsersTableViewCell.swift in Sources */ = {isa = PBXBuildFile; fileRef = 725E6BF32789087200B25957 /* DataUsersTableViewCell.swift */; };
		725E6BF62789087200B25957 /* DataUsersTableViewCell.xib in Resources */ = {isa = PBXBuildFile; fileRef = 725E6BF42789087200B25957 /* DataUsersTableViewCell.xib */; };
		725E6BFB278932F400B25957 /* MapPhotoViewController.swift in Sources */ = {isa = PBXBuildFile; fileRef = 725E6BF9278932F400B25957 /* MapPhotoViewController.swift */; };
		725E6BFC278932F400B25957 /* MapPhotoViewController.xib in Resources */ = {isa = PBXBuildFile; fileRef = 725E6BFA278932F400B25957 /* MapPhotoViewController.xib */; };
		72AA307A278957C000C97130 /* StringExtension.swift in Sources */ = {isa = PBXBuildFile; fileRef = 72AA3079278957C000C97130 /* StringExtension.swift */; };
/* End PBXBuildFile section */

/* Begin PBXFileReference section */
		72376FCE2787814F00E1866F /* PruebaTecnologiza.app */ = {isa = PBXFileReference; explicitFileType = wrapper.application; includeInIndex = 0; path = PruebaTecnologiza.app; sourceTree = BUILT_PRODUCTS_DIR; };
		72376FD12787814F00E1866F /* AppDelegate.swift */ = {isa = PBXFileReference; lastKnownFileType = sourcecode.swift; path = AppDelegate.swift; sourceTree = "<group>"; };
		72376FD32787814F00E1866F /* SceneDelegate.swift */ = {isa = PBXFileReference; lastKnownFileType = sourcecode.swift; path = SceneDelegate.swift; sourceTree = "<group>"; };
		72376FDA2787815000E1866F /* Assets.xcassets */ = {isa = PBXFileReference; lastKnownFileType = folder.assetcatalog; path = Assets.xcassets; sourceTree = "<group>"; };
		72376FDD2787815000E1866F /* Base */ = {isa = PBXFileReference; lastKnownFileType = file.storyboard; name = Base; path = Base.lproj/LaunchScreen.storyboard; sourceTree = "<group>"; };
		72376FDF2787815000E1866F /* Info.plist */ = {isa = PBXFileReference; lastKnownFileType = text.plist.xml; path = Info.plist; sourceTree = "<group>"; };
		72376FE7278781D100E1866F /* ListUserViewController.swift */ = {isa = PBXFileReference; lastKnownFileType = sourcecode.swift; path = ListUserViewController.swift; sourceTree = "<group>"; };
		72376FE8278781D100E1866F /* ListUserViewController.xib */ = {isa = PBXFileReference; lastKnownFileType = file.xib; path = ListUserViewController.xib; sourceTree = "<group>"; };
		72376FEC2787831000E1866F /* RegisterViewController.swift */ = {isa = PBXFileReference; lastKnownFileType = sourcecode.swift; path = RegisterViewController.swift; sourceTree = "<group>"; };
		72376FED2787831000E1866F /* RegisterViewController.xib */ = {isa = PBXFileReference; lastKnownFileType = file.xib; path = RegisterViewController.xib; sourceTree = "<group>"; };
		725ACB07278807220068BDCF /* RegisterRealm.swift */ = {isa = PBXFileReference; lastKnownFileType = sourcecode.swift; path = RegisterRealm.swift; sourceTree = "<group>"; };
		725ACB0B2788089D0068BDCF /* RegisterPresenter.swift */ = {isa = PBXFileReference; lastKnownFileType = sourcecode.swift; path = RegisterPresenter.swift; sourceTree = "<group>"; };
		725E6BF0278906E900B25957 /* UserListPresenter.swift */ = {isa = PBXFileReference; lastKnownFileType = sourcecode.swift; path = UserListPresenter.swift; sourceTree = "<group>"; };
		725E6BF32789087200B25957 /* DataUsersTableViewCell.swift */ = {isa = PBXFileReference; lastKnownFileType = sourcecode.swift; path = DataUsersTableViewCell.swift; sourceTree = "<group>"; };
		725E6BF42789087200B25957 /* DataUsersTableViewCell.xib */ = {isa = PBXFileReference; lastKnownFileType = file.xib; path = DataUsersTableViewCell.xib; sourceTree = "<group>"; };
		725E6BF9278932F400B25957 /* MapPhotoViewController.swift */ = {isa = PBXFileReference; lastKnownFileType = sourcecode.swift; path = MapPhotoViewController.swift; sourceTree = "<group>"; };
		725E6BFA278932F400B25957 /* MapPhotoViewController.xib */ = {isa = PBXFileReference; lastKnownFileType = file.xib; path = MapPhotoViewController.xib; sourceTree = "<group>"; };
		72AA3079278957C000C97130 /* StringExtension.swift */ = {isa = PBXFileReference; lastKnownFileType = sourcecode.swift; path = StringExtension.swift; sourceTree = "<group>"; };
/* End PBXFileReference section */

/* Begin PBXFrameworksBuildPhase section */
		72376FCB2787814F00E1866F /* Frameworks */ = {
			isa = PBXFrameworksBuildPhase;
			buildActionMask = 2147483647;
			files = (
				725ACB05278806AF0068BDCF /* RealmSwift in Frameworks */,
				725ACB03278806AF0068BDCF /* Realm in Frameworks */,
			);
			runOnlyForDeploymentPostprocessing = 0;
		};
/* End PBXFrameworksBuildPhase section */

/* Begin PBXGroup section */
		72376FC52787814F00E1866F = {
			isa = PBXGroup;
			children = (
				72376FD02787814F00E1866F /* PruebaTecnologiza */,
				72376FCF2787814F00E1866F /* Products */,
			);
			sourceTree = "<group>";
		};
		72376FCF2787814F00E1866F /* Products */ = {
			isa = PBXGroup;
			children = (
				72376FCE2787814F00E1866F /* PruebaTecnologiza.app */,
			);
			name = Products;
			sourceTree = "<group>";
		};
		72376FD02787814F00E1866F /* PruebaTecnologiza */ = {
			isa = PBXGroup;
			children = (
				72AA3077278957A500C97130 /* Utils */,
				725E6BF7278932B900B25957 /* Map */,
				725ACB062788070B0068BDCF /* Models */,
				72376FEB278782E900E1866F /* RegisterUser */,
				72376FE52787819600E1866F /* UserList */,
				72376FD12787814F00E1866F /* AppDelegate.swift */,
				72376FD32787814F00E1866F /* SceneDelegate.swift */,
				72376FDA2787815000E1866F /* Assets.xcassets */,
				72376FDC2787815000E1866F /* LaunchScreen.storyboard */,
				72376FDF2787815000E1866F /* Info.plist */,
			);
			path = PruebaTecnologiza;
			sourceTree = "<group>";
		};
		72376FE52787819600E1866F /* UserList */ = {
			isa = PBXGroup;
			children = (
				725E6BEF278906C800B25957 /* Presenter */,
				72376FE6278781B900E1866F /* View */,
			);
			path = UserList;
			sourceTree = "<group>";
		};
		72376FE6278781B900E1866F /* View */ = {
			isa = PBXGroup;
			children = (
				725E6BF22789085A00B25957 /* Cells */,
				72376FE7278781D100E1866F /* ListUserViewController.swift */,
				72376FE8278781D100E1866F /* ListUserViewController.xib */,
			);
			path = View;
			sourceTree = "<group>";
		};
		72376FEB278782E900E1866F /* RegisterUser */ = {
			isa = PBXGroup;
			children = (
				725ACB0A2788088C0068BDCF /* Presenter */,
				725ACB092788087E0068BDCF /* Views */,
			);
			path = RegisterUser;
			sourceTree = "<group>";
		};
		725ACB062788070B0068BDCF /* Models */ = {
			isa = PBXGroup;
			children = (
				725ACB07278807220068BDCF /* RegisterRealm.swift */,
			);
			path = Models;
			sourceTree = "<group>";
		};
		725ACB092788087E0068BDCF /* Views */ = {
			isa = PBXGroup;
			children = (
				72376FEC2787831000E1866F /* RegisterViewController.swift */,
				72376FED2787831000E1866F /* RegisterViewController.xib */,
			);
			path = Views;
			sourceTree = "<group>";
		};
		725ACB0A2788088C0068BDCF /* Presenter */ = {
			isa = PBXGroup;
			children = (
				725ACB0B2788089D0068BDCF /* RegisterPresenter.swift */,
			);
			path = Presenter;
			sourceTree = "<group>";
		};
		725E6BEF278906C800B25957 /* Presenter */ = {
			isa = PBXGroup;
			children = (
				725E6BF0278906E900B25957 /* UserListPresenter.swift */,
			);
			path = Presenter;
			sourceTree = "<group>";
		};
		725E6BF22789085A00B25957 /* Cells */ = {
			isa = PBXGroup;
			children = (
				725E6BF32789087200B25957 /* DataUsersTableViewCell.swift */,
				725E6BF42789087200B25957 /* DataUsersTableViewCell.xib */,
			);
			path = Cells;
			sourceTree = "<group>";
		};
		725E6BF7278932B900B25957 /* Map */ = {
			isa = PBXGroup;
			children = (
				725E6BF8278932CC00B25957 /* View */,
			);
			path = Map;
			sourceTree = "<group>";
		};
		725E6BF8278932CC00B25957 /* View */ = {
			isa = PBXGroup;
			children = (
				725E6BF9278932F400B25957 /* MapPhotoViewController.swift */,
				725E6BFA278932F400B25957 /* MapPhotoViewController.xib */,
			);
			path = View;
			sourceTree = "<group>";
		};
		72AA3077278957A500C97130 /* Utils */ = {
			isa = PBXGroup;
			children = (
				72AA3078278957AC00C97130 /* Extension */,
			);
			path = Utils;
			sourceTree = "<group>";
		};
		72AA3078278957AC00C97130 /* Extension */ = {
			isa = PBXGroup;
			children = (
				72AA3079278957C000C97130 /* StringExtension.swift */,
			);
			path = Extension;
			sourceTree = "<group>";
		};
/* End PBXGroup section */

/* Begin PBXNativeTarget section */
		72376FCD2787814F00E1866F /* PruebaTecnologiza */ = {
			isa = PBXNativeTarget;
			buildConfigurationList = 72376FE22787815000E1866F /* Build configuration list for PBXNativeTarget "PruebaTecnologiza" */;
			buildPhases = (
				72376FCA2787814F00E1866F /* Sources */,
				72376FCB2787814F00E1866F /* Frameworks */,
				72376FCC2787814F00E1866F /* Resources */,
			);
			buildRules = (
			);
			dependencies = (
			);
			name = PruebaTecnologiza;
			packageProductDependencies = (
				725ACB02278806AF0068BDCF /* Realm */,
				725ACB04278806AF0068BDCF /* RealmSwift */,
			);
			productName = PruebaTecnologiza;
			productReference = 72376FCE2787814F00E1866F /* PruebaTecnologiza.app */;
			productType = "com.apple.product-type.application";
		};
/* End PBXNativeTarget section */

/* Begin PBXProject section */
		72376FC62787814F00E1866F /* Project object */ = {
			isa = PBXProject;
			attributes = {
				BuildIndependentTargetsInParallel = 1;
				LastSwiftUpdateCheck = 1320;
				LastUpgradeCheck = 1320;
				TargetAttributes = {
					72376FCD2787814F00E1866F = {
						CreatedOnToolsVersion = 13.2.1;
					};
				};
			};
			buildConfigurationList = 72376FC92787814F00E1866F /* Build configuration list for PBXProject "PruebaTecnologiza" */;
			compatibilityVersion = "Xcode 13.0";
			developmentRegion = en;
			hasScannedForEncodings = 0;
			knownRegions = (
				en,
				Base,
			);
			mainGroup = 72376FC52787814F00E1866F;
			packageReferences = (
				725ACB01278806AF0068BDCF /* XCRemoteSwiftPackageReference "realm-cocoa" */,
			);
			productRefGroup = 72376FCF2787814F00E1866F /* Products */;
			projectDirPath = "";
			projectRoot = "";
			targets = (
				72376FCD2787814F00E1866F /* PruebaTecnologiza */,
			);
		};
/* End PBXProject section */

/* Begin PBXResourcesBuildPhase section */
		72376FCC2787814F00E1866F /* Resources */ = {
			isa = PBXResourcesBuildPhase;
			buildActionMask = 2147483647;
			files = (
				72376FDE2787815000E1866F /* LaunchScreen.storyboard in Resources */,
				725E6BF62789087200B25957 /* DataUsersTableViewCell.xib in Resources */,
				72376FDB2787815000E1866F /* Assets.xcassets in Resources */,
				72376FEA278781D100E1866F /* ListUserViewController.xib in Resources */,
				725E6BFC278932F400B25957 /* MapPhotoViewController.xib in Resources */,
				72376FEF2787831000E1866F /* RegisterViewController.xib in Resources */,
			);
			runOnlyForDeploymentPostprocessing = 0;
		};
/* End PBXResourcesBuildPhase section */

/* Begin PBXSourcesBuildPhase section */
		72376FCA2787814F00E1866F /* Sources */ = {
			isa = PBXSourcesBuildPhase;
			buildActionMask = 2147483647;
			files = (
				72376FE9278781D100E1866F /* ListUserViewController.swift in Sources */,
				725E6BFB278932F400B25957 /* MapPhotoViewController.swift in Sources */,
				72AA307A278957C000C97130 /* StringExtension.swift in Sources */,
				725ACB0C2788089D0068BDCF /* RegisterPresenter.swift in Sources */,
				725E6BF1278906E900B25957 /* UserListPresenter.swift in Sources */,
				72376FD22787814F00E1866F /* AppDelegate.swift in Sources */,
				72376FD42787814F00E1866F /* SceneDelegate.swift in Sources */,
				72376FEE2787831000E1866F /* RegisterViewController.swift in Sources */,
				725E6BF52789087200B25957 /* DataUsersTableViewCell.swift in Sources */,
				725ACB08278807220068BDCF /* RegisterRealm.swift in Sources */,
			);
			runOnlyForDeploymentPostprocessing = 0;
		};
/* End PBXSourcesBuildPhase section */

/* Begin PBXVariantGroup section */
		72376FDC2787815000E1866F /* LaunchScreen.storyboard */ = {
			isa = PBXVariantGroup;
			children = (
				72376FDD2787815000E1866F /* Base */,
			);
			name = LaunchScreen.storyboard;
			sourceTree = "<group>";
		};
/* End PBXVariantGroup section */

/* Begin XCBuildConfiguration section */
		72376FE02787815000E1866F /* Debug */ = {
			isa = XCBuildConfiguration;
			buildSettings = {
				ALWAYS_SEARCH_USER_PATHS = NO;
				CLANG_ANALYZER_NONNULL = YES;
				CLANG_ANALYZER_NUMBER_OBJECT_CONVERSION = YES_AGGRESSIVE;
				CLANG_CXX_LANGUAGE_STANDARD = "gnu++17";
				CLANG_CXX_LIBRARY = "libc++";
				CLANG_ENABLE_MODULES = YES;
				CLANG_ENABLE_OBJC_ARC = YES;
				CLANG_ENABLE_OBJC_WEAK = YES;
				CLANG_WARN_BLOCK_CAPTURE_AUTORELEASING = YES;
				CLANG_WARN_BOOL_CONVERSION = YES;
				CLANG_WARN_COMMA = YES;
				CLANG_WARN_CONSTANT_CONVERSION = YES;
				CLANG_WARN_DEPRECATED_OBJC_IMPLEMENTATIONS = YES;
				CLANG_WARN_DIRECT_OBJC_ISA_USAGE = YES_ERROR;
				CLANG_WARN_DOCUMENTATION_COMMENTS = YES;
				CLANG_WARN_EMPTY_BODY = YES;
				CLANG_WARN_ENUM_CONVERSION = YES;
				CLANG_WARN_INFINITE_RECURSION = YES;
				CLANG_WARN_INT_CONVERSION = YES;
				CLANG_WARN_NON_LITERAL_NULL_CONVERSION = YES;
				CLANG_WARN_OBJC_IMPLICIT_RETAIN_SELF = YES;
				CLANG_WARN_OBJC_LITERAL_CONVERSION = YES;
				CLANG_WARN_OBJC_ROOT_CLASS = YES_ERROR;
				CLANG_WARN_QUOTED_INCLUDE_IN_FRAMEWORK_HEADER = YES;
				CLANG_WARN_RANGE_LOOP_ANALYSIS = YES;
				CLANG_WARN_STRICT_PROTOTYPES = YES;
				CLANG_WARN_SUSPICIOUS_MOVE = YES;
				CLANG_WARN_UNGUARDED_AVAILABILITY = YES_AGGRESSIVE;
				CLANG_WARN_UNREACHABLE_CODE = YES;
				CLANG_WARN__DUPLICATE_METHOD_MATCH = YES;
				COPY_PHASE_STRIP = NO;
				DEBUG_INFORMATION_FORMAT = dwarf;
				ENABLE_STRICT_OBJC_MSGSEND = YES;
				ENABLE_TESTABILITY = YES;
				GCC_C_LANGUAGE_STANDARD = gnu11;
				GCC_DYNAMIC_NO_PIC = NO;
				GCC_NO_COMMON_BLOCKS = YES;
				GCC_OPTIMIZATION_LEVEL = 0;
				GCC_PREPROCESSOR_DEFINITIONS = (
					"DEBUG=1",
					"$(inherited)",
				);
				GCC_WARN_64_TO_32_BIT_CONVERSION = YES;
				GCC_WARN_ABOUT_RETURN_TYPE = YES_ERROR;
				GCC_WARN_UNDECLARED_SELECTOR = YES;
				GCC_WARN_UNINITIALIZED_AUTOS = YES_AGGRESSIVE;
				GCC_WARN_UNUSED_FUNCTION = YES;
				GCC_WARN_UNUSED_VARIABLE = YES;
				IPHONEOS_DEPLOYMENT_TARGET = 15.2;
				MTL_ENABLE_DEBUG_INFO = INCLUDE_SOURCE;
				MTL_FAST_MATH = YES;
				ONLY_ACTIVE_ARCH = YES;
				SDKROOT = iphoneos;
				SWIFT_ACTIVE_COMPILATION_CONDITIONS = DEBUG;
				SWIFT_OPTIMIZATION_LEVEL = "-Onone";
			};
			name = Debug;
		};
		72376FE12787815000E1866F /* Release */ = {
			isa = XCBuildConfiguration;
			buildSettings = {
				ALWAYS_SEARCH_USER_PATHS = NO;
				CLANG_ANALYZER_NONNULL = YES;
				CLANG_ANALYZER_NUMBER_OBJECT_CONVERSION = YES_AGGRESSIVE;
				CLANG_CXX_LANGUAGE_STANDARD = "gnu++17";
				CLANG_CXX_LIBRARY = "libc++";
				CLANG_ENABLE_MODULES = YES;
				CLANG_ENABLE_OBJC_ARC = YES;
				CLANG_ENABLE_OBJC_WEAK = YES;
				CLANG_WARN_BLOCK_CAPTURE_AUTORELEASING = YES;
				CLANG_WARN_BOOL_CONVERSION = YES;
				CLANG_WARN_COMMA = YES;
				CLANG_WARN_CONSTANT_CONVERSION = YES;
				CLANG_WARN_DEPRECATED_OBJC_IMPLEMENTATIONS = YES;
				CLANG_WARN_DIRECT_OBJC_ISA_USAGE = YES_ERROR;
				CLANG_WARN_DOCUMENTATION_COMMENTS = YES;
				CLANG_WARN_EMPTY_BODY = YES;
				CLANG_WARN_ENUM_CONVERSION = YES;
				CLANG_WARN_INFINITE_RECURSION = YES;
				CLANG_WARN_INT_CONVERSION = YES;
				CLANG_WARN_NON_LITERAL_NULL_CONVERSION = YES;
				CLANG_WARN_OBJC_IMPLICIT_RETAIN_SELF = YES;
				CLANG_WARN_OBJC_LITERAL_CONVERSION = YES;
				CLANG_WARN_OBJC_ROOT_CLASS = YES_ERROR;
				CLANG_WARN_QUOTED_INCLUDE_IN_FRAMEWORK_HEADER = YES;
				CLANG_WARN_RANGE_LOOP_ANALYSIS = YES;
				CLANG_WARN_STRICT_PROTOTYPES = YES;
				CLANG_WARN_SUSPICIOUS_MOVE = YES;
				CLANG_WARN_UNGUARDED_AVAILABILITY = YES_AGGRESSIVE;
				CLANG_WARN_UNREACHABLE_CODE = YES;
				CLANG_WARN__DUPLICATE_METHOD_MATCH = YES;
				COPY_PHASE_STRIP = NO;
				DEBUG_INFORMATION_FORMAT = "dwarf-with-dsym";
				ENABLE_NS_ASSERTIONS = NO;
				ENABLE_STRICT_OBJC_MSGSEND = YES;
				GCC_C_LANGUAGE_STANDARD = gnu11;
				GCC_NO_COMMON_BLOCKS = YES;
				GCC_WARN_64_TO_32_BIT_CONVERSION = YES;
				GCC_WARN_ABOUT_RETURN_TYPE = YES_ERROR;
				GCC_WARN_UNDECLARED_SELECTOR = YES;
				GCC_WARN_UNINITIALIZED_AUTOS = YES_AGGRESSIVE;
				GCC_WARN_UNUSED_FUNCTION = YES;
				GCC_WARN_UNUSED_VARIABLE = YES;
				IPHONEOS_DEPLOYMENT_TARGET = 15.2;
				MTL_ENABLE_DEBUG_INFO = NO;
				MTL_FAST_MATH = YES;
				SDKROOT = iphoneos;
				SWIFT_COMPILATION_MODE = wholemodule;
				SWIFT_OPTIMIZATION_LEVEL = "-O";
				VALIDATE_PRODUCT = YES;
			};
			name = Release;
		};
		72376FE32787815000E1866F /* Debug */ = {
			isa = XCBuildConfiguration;
			buildSettings = {
				ASSETCATALOG_COMPILER_APPICON_NAME = AppIcon;
				ASSETCATALOG_COMPILER_GLOBAL_ACCENT_COLOR_NAME = AccentColor;
				CODE_SIGN_STYLE = Automatic;
				CURRENT_PROJECT_VERSION = 1;
				DEVELOPMENT_TEAM = TXJ7W24BC8;
				GENERATE_INFOPLIST_FILE = YES;
				INFOPLIST_FILE = PruebaTecnologiza/Info.plist;
				INFOPLIST_KEY_UIApplicationSupportsIndirectInputEvents = YES;
				INFOPLIST_KEY_UILaunchStoryboardName = LaunchScreen;
				INFOPLIST_KEY_UISupportedInterfaceOrientations_iPad = "UIInterfaceOrientationPortrait UIInterfaceOrientationPortraitUpsideDown UIInterfaceOrientationLandscapeLeft UIInterfaceOrientationLandscapeRight";
				INFOPLIST_KEY_UISupportedInterfaceOrientations_iPhone = "UIInterfaceOrientationPortrait UIInterfaceOrientationLandscapeLeft UIInterfaceOrientationLandscapeRight";
				LD_RUNPATH_SEARCH_PATHS = (
					"$(inherited)",
					"@executable_path/Frameworks",
				);
				MARKETING_VERSION = 1.0;
				PRODUCT_BUNDLE_IDENTIFIER = com.gustavogutierrez.PruebaTecnologiza;
				PRODUCT_NAME = "$(TARGET_NAME)";
				SWIFT_EMIT_LOC_STRINGS = YES;
				SWIFT_VERSION = 5.0;
				TARGETED_DEVICE_FAMILY = "1,2";
			};
			name = Debug;
		};
		72376FE42787815000E1866F /* Release */ = {
			isa = XCBuildConfiguration;
			buildSettings = {
				ASSETCATALOG_COMPILER_APPICON_NAME = AppIcon;
				ASSETCATALOG_COMPILER_GLOBAL_ACCENT_COLOR_NAME = AccentColor;
				CODE_SIGN_STYLE = Automatic;
				CURRENT_PROJECT_VERSION = 1;
				DEVELOPMENT_TEAM = TXJ7W24BC8;
				GENERATE_INFOPLIST_FILE = YES;
				INFOPLIST_FILE = PruebaTecnologiza/Info.plist;
				INFOPLIST_KEY_UIApplicationSupportsIndirectInputEvents = YES;
				INFOPLIST_KEY_UILaunchStoryboardName = LaunchScreen;
				INFOPLIST_KEY_UISupportedInterfaceOrientations_iPad = "UIInterfaceOrientationPortrait UIInterfaceOrientationPortraitUpsideDown UIInterfaceOrientationLandscapeLeft UIInterfaceOrientationLandscapeRight";
				INFOPLIST_KEY_UISupportedInterfaceOrientations_iPhone = "UIInterfaceOrientationPortrait UIInterfaceOrientationLandscapeLeft UIInterfaceOrientationLandscapeRight";
				LD_RUNPATH_SEARCH_PATHS = (
					"$(inherited)",
					"@executable_path/Frameworks",
				);
				MARKETING_VERSION = 1.0;
				PRODUCT_BUNDLE_IDENTIFIER = com.gustavogutierrez.PruebaTecnologiza;
				PRODUCT_NAME = "$(TARGET_NAME)";
				SWIFT_EMIT_LOC_STRINGS = YES;
				SWIFT_VERSION = 5.0;
				TARGETED_DEVICE_FAMILY = "1,2";
			};
			name = Release;
		};
/* End XCBuildConfiguration section */

/* Begin XCConfigurationList section */
		72376FC92787814F00E1866F /* Build configuration list for PBXProject "PruebaTecnologiza" */ = {
			isa = XCConfigurationList;
			buildConfigurations = (
				72376FE02787815000E1866F /* Debug */,
				72376FE12787815000E1866F /* Release */,
			);
			defaultConfigurationIsVisible = 0;
			defaultConfigurationName = Release;
		};
		72376FE22787815000E1866F /* Build configuration list for PBXNativeTarget "PruebaTecnologiza" */ = {
			isa = XCConfigurationList;
			buildConfigurations = (
				72376FE32787815000E1866F /* Debug */,
				72376FE42787815000E1866F /* Release */,
			);
			defaultConfigurationIsVisible = 0;
			defaultConfigurationName = Release;
		};
/* End XCConfigurationList section */

/* Begin XCRemoteSwiftPackageReference section */
		725ACB01278806AF0068BDCF /* XCRemoteSwiftPackageReference "realm-cocoa" */ = {
			isa = XCRemoteSwiftPackageReference;
			repositoryURL = "https://github.com/realm/realm-cocoa.git";
			requirement = {
				branch = master;
				kind = branch;
			};
		};
/* End XCRemoteSwiftPackageReference section */

/* Begin XCSwiftPackageProductDependency section */
		725ACB02278806AF0068BDCF /* Realm */ = {
			isa = XCSwiftPackageProductDependency;
			package = 725ACB01278806AF0068BDCF /* XCRemoteSwiftPackageReference "realm-cocoa" */;
			productName = Realm;
		};
		725ACB04278806AF0068BDCF /* RealmSwift */ = {
			isa = XCSwiftPackageProductDependency;
			package = 725ACB01278806AF0068BDCF /* XCRemoteSwiftPackageReference "realm-cocoa" */;
			productName = RealmSwift;
		};
/* End XCSwiftPackageProductDependency section */
	};
	rootObject = 72376FC62787814F00E1866F /* Project object */;
}
